
Microsoft Visual Studio Solution File, Format Version 12.00
# Visual Studio Version 16
VisualStudioVersion = 16.0.31205.134
MinimumVisualStudioVersion = 10.0.40219.1
Project("{9A19103F-16F7-4668-BE54-9A1E7A4F7556}") = "UltimateTeamApi", "UltimateTeamApi.csproj", "{F98065F6-BF49-4509-8764-57669963B0C2}"
EndProject
Project("{9A19103F-16F7-4668-BE54-9A1E7A4F7556}") = "UltimateTeamApi.UnitTest", "..\UltimateTeamApi.UnitTest\UltimateTeamApi.UnitTest.csproj", "{D0F68CFA-DF4F-460D-B8BA-A163361B2CBA}"
EndProject
Project("{9A19103F-16F7-4668-BE54-9A1E7A4F7556}") = "UltimateTeamApi.SpecFlowTest", "..\UltimateTeamApi.SpecFlowTest\UltimateTeamApi.SpecFlowTest.csproj", "{D66CEF71-4522-4D03-8901-2AD9D765BE5D}"
EndProject
Project("{FAE04EC0-301F-11D3-BF4B-00C04F79EFBC}") = "UltimateTeamApi.ExternalTools", "..\UltimateTeamApi.ExternalTools\UltimateTeamApi.ExternalTools.csproj", "{36BD3AD3-DFA0-4CB2-BC13-20F1DE836840}"
EndProject
Global
	GlobalSection(SolutionConfigurationPlatforms) = preSolution
		Debug|Any CPU = Debug|Any CPU
		Release|Any CPU = Release|Any CPU
	EndGlobalSection
	GlobalSection(ProjectConfigurationPlatforms) = postSolution
		{F98065F6-BF49-4509-8764-57669963B0C2}.Debug|Any CPU.ActiveCfg = Debug|Any CPU
		{F98065F6-BF49-4509-8764-57669963B0C2}.Debug|Any CPU.Build.0 = Debug|Any CPU
		{F98065F6-BF49-4509-8764-57669963B0C2}.Release|Any CPU.ActiveCfg = Release|Any CPU
		{F98065F6-BF49-4509-8764-57669963B0C2}.Release|Any CPU.Build.0 = Release|Any CPU
		{D0F68CFA-DF4F-460D-B8BA-A163361B2CBA}.Debug|Any CPU.ActiveCfg = Debug|Any CPU
		{D0F68CFA-DF4F-460D-B8BA-A163361B2CBA}.Debug|Any CPU.Build.0 = Debug|Any CPU
		{D0F68CFA-DF4F-460D-B8BA-A163361B2CBA}.Release|Any CPU.ActiveCfg = Release|Any CPU
		{D0F68CFA-DF4F-460D-B8BA-A163361B2CBA}.Release|Any CPU.Build.0 = Release|Any CPU
		{D66CEF71-4522-4D03-8901-2AD9D765BE5D}.Debug|Any CPU.ActiveCfg = Debug|Any CPU
		{D66CEF71-4522-4D03-8901-2AD9D765BE5D}.Debug|Any CPU.Build.0 = Debug|Any CPU
		{D66CEF71-4522-4D03-8901-2AD9D765BE5D}.Release|Any CPU.ActiveCfg = Release|Any CPU
		{D66CEF71-4522-4D03-8901-2AD9D765BE5D}.Release|Any CPU.Build.0 = Release|Any CPU
		{36BD3AD3-DFA0-4CB2-BC13-20F1DE836840}.Debug|Any CPU.ActiveCfg = Debug|Any CPU
		{36BD3AD3-DFA0-4CB2-BC13-20F1DE836840}.Debug|Any CPU.Build.0 = Debug|Any CPU
		{36BD3AD3-DFA0-4CB2-BC13-20F1DE836840}.Release|Any CPU.ActiveCfg = Release|Any CPU
		{36BD3AD3-DFA0-4CB2-BC13-20F1DE836840}.Release|Any CPU.Build.0 = Release|Any CPU
	EndGlobalSection
	GlobalSection(SolutionProperties) = preSolution
		HideSolutionNode = FALSE
	EndGlobalSection
	GlobalSection(ExtensibilityGlobals) = postSolution
		SolutionGuid = {33FCABA0-3025-4164-BF36-BC24C8F8AFB9}
	EndGlobalSection
EndGlobal
